// !$*UTF8*$!
{
	archiveVersion = 1;
	classes = {
	};
	objectVersion = 56;
	objects = {

/* Begin PBXBuildFile section */
		37325A3B2B3079630074D846 /* RxCocoa in Frameworks */ = {isa = PBXBuildFile; productRef = 37325A3A2B3079630074D846 /* RxCocoa */; };
		37325A3D2B3079630074D846 /* RxCocoa-Dynamic in Frameworks */ = {isa = PBXBuildFile; productRef = 37325A3C2B3079630074D846 /* RxCocoa-Dynamic */; };
		37325A3F2B3079630074D846 /* RxSwift in Frameworks */ = {isa = PBXBuildFile; productRef = 37325A3E2B3079630074D846 /* RxSwift */; };
		37325A412B3079630074D846 /* RxSwift-Dynamic in Frameworks */ = {isa = PBXBuildFile; productRef = 37325A402B3079630074D846 /* RxSwift-Dynamic */; };
		37D444D32B2C72950036A665 /* AppDelegate.swift in Sources */ = {isa = PBXBuildFile; fileRef = 37D444D22B2C72950036A665 /* AppDelegate.swift */; };
		37D444D52B2C72950036A665 /* SceneDelegate.swift in Sources */ = {isa = PBXBuildFile; fileRef = 37D444D42B2C72950036A665 /* SceneDelegate.swift */; };
		37D444D72B2C72950036A665 /* ViewController.swift in Sources */ = {isa = PBXBuildFile; fileRef = 37D444D62B2C72950036A665 /* ViewController.swift */; };
		37D444DC2B2C72960036A665 /* Assets.xcassets in Resources */ = {isa = PBXBuildFile; fileRef = 37D444DB2B2C72960036A665 /* Assets.xcassets */; };
		37D444EC2B2C745B0036A665 /* ViewModel.swift in Sources */ = {isa = PBXBuildFile; fileRef = 37D444EB2B2C745B0036A665 /* ViewModel.swift */; };
		37D444EE2B2C7E950036A665 /* TodoTableViewCell.swift in Sources */ = {isa = PBXBuildFile; fileRef = 37D444ED2B2C7E950036A665 /* TodoTableViewCell.swift */; };
/* End PBXBuildFile section */

/* Begin PBXFileReference section */
		37D444CF2B2C72950036A665 /* Joon'sTodoList-iOS.app */ = {isa = PBXFileReference; explicitFileType = wrapper.application; includeInIndex = 0; path = "Joon'sTodoList-iOS.app"; sourceTree = BUILT_PRODUCTS_DIR; };
		37D444D22B2C72950036A665 /* AppDelegate.swift */ = {isa = PBXFileReference; lastKnownFileType = sourcecode.swift; path = AppDelegate.swift; sourceTree = "<group>"; };
		37D444D42B2C72950036A665 /* SceneDelegate.swift */ = {isa = PBXFileReference; lastKnownFileType = sourcecode.swift; path = SceneDelegate.swift; sourceTree = "<group>"; };
		37D444D62B2C72950036A665 /* ViewController.swift */ = {isa = PBXFileReference; lastKnownFileType = sourcecode.swift; path = ViewController.swift; sourceTree = "<group>"; };
		37D444DB2B2C72960036A665 /* Assets.xcassets */ = {isa = PBXFileReference; lastKnownFileType = folder.assetcatalog; path = Assets.xcassets; sourceTree = "<group>"; };
		37D444E02B2C72960036A665 /* Info.plist */ = {isa = PBXFileReference; lastKnownFileType = text.plist.xml; path = Info.plist; sourceTree = "<group>"; };
		37D444EB2B2C745B0036A665 /* ViewModel.swift */ = {isa = PBXFileReference; lastKnownFileType = sourcecode.swift; path = ViewModel.swift; sourceTree = "<group>"; };
		37D444ED2B2C7E950036A665 /* TodoTableViewCell.swift */ = {isa = PBXFileReference; lastKnownFileType = sourcecode.swift; path = TodoTableViewCell.swift; sourceTree = "<group>"; };
/* End PBXFileReference section */

/* Begin PBXFrameworksBuildPhase section */
		37D444CC2B2C72950036A665 /* Frameworks */ = {
			isa = PBXFrameworksBuildPhase;
			buildActionMask = 2147483647;
			files = (
				37325A412B3079630074D846 /* RxSwift-Dynamic in Frameworks */,
				37325A3F2B3079630074D846 /* RxSwift in Frameworks */,
				37325A3D2B3079630074D846 /* RxCocoa-Dynamic in Frameworks */,
				37325A3B2B3079630074D846 /* RxCocoa in Frameworks */,
			);
			runOnlyForDeploymentPostprocessing = 0;
		};
/* End PBXFrameworksBuildPhase section */

/* Begin PBXGroup section */
		37D444C62B2C72950036A665 = {
			isa = PBXGroup;
			children = (
				37D444D12B2C72950036A665 /* Joon'sTodoList-iOS */,
				37D444D02B2C72950036A665 /* Products */,
			);
			sourceTree = "<group>";
		};
		37D444D02B2C72950036A665 /* Products */ = {
			isa = PBXGroup;
			children = (
				37D444CF2B2C72950036A665 /* Joon'sTodoList-iOS.app */,
			);
			name = Products;
			sourceTree = "<group>";
		};
		37D444D12B2C72950036A665 /* Joon'sTodoList-iOS */ = {
			isa = PBXGroup;
			children = (
				37D444E62B2C74030036A665 /* Global */,
				37D444E82B2C74200036A665 /* Presentation */,
			);
			path = "Joon'sTodoList-iOS";
			sourceTree = "<group>";
		};
		37D444E62B2C74030036A665 /* Global */ = {
			isa = PBXGroup;
			children = (
				37D444E72B2C74070036A665 /* Supports */,
			);
			path = Global;
			sourceTree = "<group>";
		};
		37D444E72B2C74070036A665 /* Supports */ = {
			isa = PBXGroup;
			children = (
				37D444D22B2C72950036A665 /* AppDelegate.swift */,
				37D444D42B2C72950036A665 /* SceneDelegate.swift */,
				37D444DB2B2C72960036A665 /* Assets.xcassets */,
				37D444E02B2C72960036A665 /* Info.plist */,
			);
			path = Supports;
			sourceTree = "<group>";
		};
		37D444E82B2C74200036A665 /* Presentation */ = {
			isa = PBXGroup;
			children = (
				37D444F22B2CAEE80036A665 /* Cells */,
				37D444EB2B2C745B0036A665 /* ViewModel.swift */,
				37D444D62B2C72950036A665 /* ViewController.swift */,
			);
			path = Presentation;
			sourceTree = "<group>";
		};
		37D444F22B2CAEE80036A665 /* Cells */ = {
			isa = PBXGroup;
			children = (
				37D444ED2B2C7E950036A665 /* TodoTableViewCell.swift */,
			);
			path = Cells;
			sourceTree = "<group>";
		};
/* End PBXGroup section */

/* Begin PBXNativeTarget section */
		37D444CE2B2C72950036A665 /* Joon'sTodoList-iOS */ = {
			isa = PBXNativeTarget;
			buildConfigurationList = 37D444E32B2C72960036A665 /* Build configuration list for PBXNativeTarget "Joon'sTodoList-iOS" */;
			buildPhases = (
				37D444CB2B2C72950036A665 /* Sources */,
				37D444CC2B2C72950036A665 /* Frameworks */,
				37D444CD2B2C72950036A665 /* Resources */,
			);
			buildRules = (
			);
			dependencies = (
			);
			name = "Joon'sTodoList-iOS";
			packageProductDependencies = (
				37325A3A2B3079630074D846 /* RxCocoa */,
				37325A3C2B3079630074D846 /* RxCocoa-Dynamic */,
				37325A3E2B3079630074D846 /* RxSwift */,
				37325A402B3079630074D846 /* RxSwift-Dynamic */,
			);
			productName = "Joon'sTodoList-iOS";
			productReference = 37D444CF2B2C72950036A665 /* Joon'sTodoList-iOS.app */;
			productType = "com.apple.product-type.application";
		};
/* End PBXNativeTarget section */

/* Begin PBXProject section */
		37D444C72B2C72950036A665 /* Project object */ = {
			isa = PBXProject;
			attributes = {
				BuildIndependentTargetsInParallel = 1;
				LastSwiftUpdateCheck = 1430;
				LastUpgradeCheck = 1430;
				TargetAttributes = {
					37D444CE2B2C72950036A665 = {
						CreatedOnToolsVersion = 14.3;
					};
				};
			};
			buildConfigurationList = 37D444CA2B2C72950036A665 /* Build configuration list for PBXProject "Joon'sTodoList-iOS" */;
			compatibilityVersion = "Xcode 14.0";
			developmentRegion = en;
			hasScannedForEncodings = 0;
			knownRegions = (
				en,
				Base,
			);
			mainGroup = 37D444C62B2C72950036A665;
			packageReferences = (
				37325A392B3079630074D846 /* XCRemoteSwiftPackageReference "RxSwift" */,
			);
			productRefGroup = 37D444D02B2C72950036A665 /* Products */;
			projectDirPath = "";
			projectRoot = "";
			targets = (
				37D444CE2B2C72950036A665 /* Joon'sTodoList-iOS */,
			);
		};
/* End PBXProject section */

/* Begin PBXResourcesBuildPhase section */
		37D444CD2B2C72950036A665 /* Resources */ = {
			isa = PBXResourcesBuildPhase;
			buildActionMask = 2147483647;
			files = (
				37D444DC2B2C72960036A665 /* Assets.xcassets in Resources */,
			);
			runOnlyForDeploymentPostprocessing = 0;
		};
/* End PBXResourcesBuildPhase section */

/* Begin PBXSourcesBuildPhase section */
		37D444CB2B2C72950036A665 /* Sources */ = {
			isa = PBXSourcesBuildPhase;
			buildActionMask = 2147483647;
			files = (
				37D444D72B2C72950036A665 /* ViewController.swift in Sources */,
				37D444D32B2C72950036A665 /* AppDelegate.swift in Sources */,
				37D444EC2B2C745B0036A665 /* ViewModel.swift in Sources */,
				37D444EE2B2C7E950036A665 /* TodoTableViewCell.swift in Sources */,
				37D444D52B2C72950036A665 /* SceneDelegate.swift in Sources */,
			);
			runOnlyForDeploymentPostprocessing = 0;
		};
/* End PBXSourcesBuildPhase section */

/* Begin XCBuildConfiguration section */
		37D444E12B2C72960036A665 /* Debug */ = {
			isa = XCBuildConfiguration;
			buildSettings = {
				ALWAYS_SEARCH_USER_PATHS = NO;
				CLANG_ANALYZER_NONNULL = YES;
				CLANG_ANALYZER_NUMBER_OBJECT_CONVERSION = YES_AGGRESSIVE;
				CLANG_CXX_LANGUAGE_STANDARD = "gnu++20";
				CLANG_ENABLE_MODULES = YES;
				CLANG_ENABLE_OBJC_ARC = YES;
				CLANG_ENABLE_OBJC_WEAK = YES;
				CLANG_WARN_BLOCK_CAPTURE_AUTORELEASING = YES;
				CLANG_WARN_BOOL_CONVERSION = YES;
				CLANG_WARN_COMMA = YES;
				CLANG_WARN_CONSTANT_CONVERSION = YES;
				CLANG_WARN_DEPRECATED_OBJC_IMPLEMENTATIONS = YES;
				CLANG_WARN_DIRECT_OBJC_ISA_USAGE = YES_ERROR;
				CLANG_WARN_DOCUMENTATION_COMMENTS = YES;
				CLANG_WARN_EMPTY_BODY = YES;
				CLANG_WARN_ENUM_CONVERSION = YES;
				CLANG_WARN_INFINITE_RECURSION = YES;
				CLANG_WARN_INT_CONVERSION = YES;
				CLANG_WARN_NON_LITERAL_NULL_CONVERSION = YES;
				CLANG_WARN_OBJC_IMPLICIT_RETAIN_SELF = YES;
				CLANG_WARN_OBJC_LITERAL_CONVERSION = YES;
				CLANG_WARN_OBJC_ROOT_CLASS = YES_ERROR;
				CLANG_WARN_QUOTED_INCLUDE_IN_FRAMEWORK_HEADER = YES;
				CLANG_WARN_RANGE_LOOP_ANALYSIS = YES;
				CLANG_WARN_STRICT_PROTOTYPES = YES;
				CLANG_WARN_SUSPICIOUS_MOVE = YES;
				CLANG_WARN_UNGUARDED_AVAILABILITY = YES_AGGRESSIVE;
				CLANG_WARN_UNREACHABLE_CODE = YES;
				CLANG_WARN__DUPLICATE_METHOD_MATCH = YES;
				COPY_PHASE_STRIP = NO;
				DEBUG_INFORMATION_FORMAT = dwarf;
				ENABLE_STRICT_OBJC_MSGSEND = YES;
				ENABLE_TESTABILITY = YES;
				GCC_C_LANGUAGE_STANDARD = gnu11;
				GCC_DYNAMIC_NO_PIC = NO;
				GCC_NO_COMMON_BLOCKS = YES;
				GCC_OPTIMIZATION_LEVEL = 0;
				GCC_PREPROCESSOR_DEFINITIONS = (
					"DEBUG=1",
					"$(inherited)",
				);
				GCC_WARN_64_TO_32_BIT_CONVERSION = YES;
				GCC_WARN_ABOUT_RETURN_TYPE = YES_ERROR;
				GCC_WARN_UNDECLARED_SELECTOR = YES;
				GCC_WARN_UNINITIALIZED_AUTOS = YES_AGGRESSIVE;
				GCC_WARN_UNUSED_FUNCTION = YES;
				GCC_WARN_UNUSED_VARIABLE = YES;
				IPHONEOS_DEPLOYMENT_TARGET = 16.4;
				MTL_ENABLE_DEBUG_INFO = INCLUDE_SOURCE;
				MTL_FAST_MATH = YES;
				ONLY_ACTIVE_ARCH = YES;
				SDKROOT = iphoneos;
				SWIFT_ACTIVE_COMPILATION_CONDITIONS = DEBUG;
				SWIFT_OPTIMIZATION_LEVEL = "-Onone";
			};
			name = Debug;
		};
		37D444E22B2C72960036A665 /* Release */ = {
			isa = XCBuildConfiguration;
			buildSettings = {
				ALWAYS_SEARCH_USER_PATHS = NO;
				CLANG_ANALYZER_NONNULL = YES;
				CLANG_ANALYZER_NUMBER_OBJECT_CONVERSION = YES_AGGRESSIVE;
				CLANG_CXX_LANGUAGE_STANDARD = "gnu++20";
				CLANG_ENABLE_MODULES = YES;
				CLANG_ENABLE_OBJC_ARC = YES;
				CLANG_ENABLE_OBJC_WEAK = YES;
				CLANG_WARN_BLOCK_CAPTURE_AUTORELEASING = YES;
				CLANG_WARN_BOOL_CONVERSION = YES;
				CLANG_WARN_COMMA = YES;
				CLANG_WARN_CONSTANT_CONVERSION = YES;
				CLANG_WARN_DEPRECATED_OBJC_IMPLEMENTATIONS = YES;
				CLANG_WARN_DIRECT_OBJC_ISA_USAGE = YES_ERROR;
				CLANG_WARN_DOCUMENTATION_COMMENTS = YES;
				CLANG_WARN_EMPTY_BODY = YES;
				CLANG_WARN_ENUM_CONVERSION = YES;
				CLANG_WARN_INFINITE_RECURSION = YES;
				CLANG_WARN_INT_CONVERSION = YES;
				CLANG_WARN_NON_LITERAL_NULL_CONVERSION = YES;
				CLANG_WARN_OBJC_IMPLICIT_RETAIN_SELF = YES;
				CLANG_WARN_OBJC_LITERAL_CONVERSION = YES;
				CLANG_WARN_OBJC_ROOT_CLASS = YES_ERROR;
				CLANG_WARN_QUOTED_INCLUDE_IN_FRAMEWORK_HEADER = YES;
				CLANG_WARN_RANGE_LOOP_ANALYSIS = YES;
				CLANG_WARN_STRICT_PROTOTYPES = YES;
				CLANG_WARN_SUSPICIOUS_MOVE = YES;
				CLANG_WARN_UNGUARDED_AVAILABILITY = YES_AGGRESSIVE;
				CLANG_WARN_UNREACHABLE_CODE = YES;
				CLANG_WARN__DUPLICATE_METHOD_MATCH = YES;
				COPY_PHASE_STRIP = NO;
				DEBUG_INFORMATION_FORMAT = "dwarf-with-dsym";
				ENABLE_NS_ASSERTIONS = NO;
				ENABLE_STRICT_OBJC_MSGSEND = YES;
				GCC_C_LANGUAGE_STANDARD = gnu11;
				GCC_NO_COMMON_BLOCKS = YES;
				GCC_WARN_64_TO_32_BIT_CONVERSION = YES;
				GCC_WARN_ABOUT_RETURN_TYPE = YES_ERROR;
				GCC_WARN_UNDECLARED_SELECTOR = YES;
				GCC_WARN_UNINITIALIZED_AUTOS = YES_AGGRESSIVE;
				GCC_WARN_UNUSED_FUNCTION = YES;
				GCC_WARN_UNUSED_VARIABLE = YES;
				IPHONEOS_DEPLOYMENT_TARGET = 16.4;
				MTL_ENABLE_DEBUG_INFO = NO;
				MTL_FAST_MATH = YES;
				SDKROOT = iphoneos;
				SWIFT_COMPILATION_MODE = wholemodule;
				SWIFT_OPTIMIZATION_LEVEL = "-O";
				VALIDATE_PRODUCT = YES;
			};
			name = Release;
		};
		37D444E42B2C72960036A665 /* Debug */ = {
			isa = XCBuildConfiguration;
			buildSettings = {
				ASSETCATALOG_COMPILER_APPICON_NAME = AppIcon;
				ASSETCATALOG_COMPILER_GLOBAL_ACCENT_COLOR_NAME = AccentColor;
				CODE_SIGN_STYLE = Automatic;
				CURRENT_PROJECT_VERSION = 1;
				DEVELOPMENT_TEAM = MLDS498G8D;
				GENERATE_INFOPLIST_FILE = YES;
				INFOPLIST_FILE = "Joon'sTodoList-iOS/Info.plist";
				INFOPLIST_KEY_UIApplicationSupportsIndirectInputEvents = YES;
				INFOPLIST_KEY_UILaunchStoryboardName = "";
				INFOPLIST_KEY_UISupportedInterfaceOrientations_iPad = "UIInterfaceOrientationPortrait UIInterfaceOrientationPortraitUpsideDown UIInterfaceOrientationLandscapeLeft UIInterfaceOrientationLandscapeRight";
				INFOPLIST_KEY_UISupportedInterfaceOrientations_iPhone = "UIInterfaceOrientationPortrait UIInterfaceOrientationLandscapeLeft UIInterfaceOrientationLandscapeRight";
				LD_RUNPATH_SEARCH_PATHS = (
					"$(inherited)",
					"@executable_path/Frameworks",
				);
				MARKETING_VERSION = 1.0;
				PRODUCT_BUNDLE_IDENTIFIER = "com.JunniJunni.Joon-sTodoList-iOS";
				PRODUCT_NAME = "$(TARGET_NAME)";
				SWIFT_EMIT_LOC_STRINGS = YES;
				SWIFT_VERSION = 5.0;
				TARGETED_DEVICE_FAMILY = "1,2";
			};
			name = Debug;
		};
		37D444E52B2C72960036A665 /* Release */ = {
			isa = XCBuildConfiguration;
			buildSettings = {
				ASSETCATALOG_COMPILER_APPICON_NAME = AppIcon;
				ASSETCATALOG_COMPILER_GLOBAL_ACCENT_COLOR_NAME = AccentColor;
				CODE_SIGN_STYLE = Automatic;
				CURRENT_PROJECT_VERSION = 1;
				DEVELOPMENT_TEAM = MLDS498G8D;
				GENERATE_INFOPLIST_FILE = YES;
				INFOPLIST_FILE = "Joon'sTodoList-iOS/Info.plist";
				INFOPLIST_KEY_UIApplicationSupportsIndirectInputEvents = YES;
				INFOPLIST_KEY_UILaunchStoryboardName = "";
				INFOPLIST_KEY_UISupportedInterfaceOrientations_iPad = "UIInterfaceOrientationPortrait UIInterfaceOrientationPortraitUpsideDown UIInterfaceOrientationLandscapeLeft UIInterfaceOrientationLandscapeRight";
				INFOPLIST_KEY_UISupportedInterfaceOrientations_iPhone = "UIInterfaceOrientationPortrait UIInterfaceOrientationLandscapeLeft UIInterfaceOrientationLandscapeRight";
				LD_RUNPATH_SEARCH_PATHS = (
					"$(inherited)",
					"@executable_path/Frameworks",
				);
				MARKETING_VERSION = 1.0;
				PRODUCT_BUNDLE_IDENTIFIER = "com.JunniJunni.Joon-sTodoList-iOS";
				PRODUCT_NAME = "$(TARGET_NAME)";
				SWIFT_EMIT_LOC_STRINGS = YES;
				SWIFT_VERSION = 5.0;
				TARGETED_DEVICE_FAMILY = "1,2";
			};
			name = Release;
		};
/* End XCBuildConfiguration section */

/* Begin XCConfigurationList section */
		37D444CA2B2C72950036A665 /* Build configuration list for PBXProject "Joon'sTodoList-iOS" */ = {
			isa = XCConfigurationList;
			buildConfigurations = (
				37D444E12B2C72960036A665 /* Debug */,
				37D444E22B2C72960036A665 /* Release */,
			);
			defaultConfigurationIsVisible = 0;
			defaultConfigurationName = Release;
		};
		37D444E32B2C72960036A665 /* Build configuration list for PBXNativeTarget "Joon'sTodoList-iOS" */ = {
			isa = XCConfigurationList;
			buildConfigurations = (
				37D444E42B2C72960036A665 /* Debug */,
				37D444E52B2C72960036A665 /* Release */,
			);
			defaultConfigurationIsVisible = 0;
			defaultConfigurationName = Release;
		};
/* End XCConfigurationList section */

/* Begin XCRemoteSwiftPackageReference section */
		37325A392B3079630074D846 /* XCRemoteSwiftPackageReference "RxSwift" */ = {
			isa = XCRemoteSwiftPackageReference;
			repositoryURL = "https://github.com/ReactiveX/RxSwift.git";
			requirement = {
				kind = upToNextMajorVersion;
				minimumVersion = 6.0.0;
			};
		};
/* End XCRemoteSwiftPackageReference section */

/* Begin XCSwiftPackageProductDependency section */
		37325A3A2B3079630074D846 /* RxCocoa */ = {
			isa = XCSwiftPackageProductDependency;
			package = 37325A392B3079630074D846 /* XCRemoteSwiftPackageReference "RxSwift" */;
			productName = RxCocoa;
		};
		37325A3C2B3079630074D846 /* RxCocoa-Dynamic */ = {
			isa = XCSwiftPackageProductDependency;
			package = 37325A392B3079630074D846 /* XCRemoteSwiftPackageReference "RxSwift" */;
			productName = "RxCocoa-Dynamic";
		};
		37325A3E2B3079630074D846 /* RxSwift */ = {
			isa = XCSwiftPackageProductDependency;
			package = 37325A392B3079630074D846 /* XCRemoteSwiftPackageReference "RxSwift" */;
			productName = RxSwift;
		};
		37325A402B3079630074D846 /* RxSwift-Dynamic */ = {
			isa = XCSwiftPackageProductDependency;
			package = 37325A392B3079630074D846 /* XCRemoteSwiftPackageReference "RxSwift" */;
			productName = "RxSwift-Dynamic";
		};
/* End XCSwiftPackageProductDependency section */
	};
	rootObject = 37D444C72B2C72950036A665 /* Project object */;
}
