// !$*UTF8*$!
{
	archiveVersion = 1;
	classes = {
	};
	objectVersion = 56;
	objects = {

/* Begin PBXBuildFile section */
		37D445062B2D3AD90036A665 /* AppDelegate.swift in Sources */ = {isa = PBXBuildFile; fileRef = 37D445052B2D3AD90036A665 /* AppDelegate.swift */; };
		37D445082B2D3AD90036A665 /* SceneDelegate.swift in Sources */ = {isa = PBXBuildFile; fileRef = 37D445072B2D3AD90036A665 /* SceneDelegate.swift */; };
		37D4450A2B2D3AD90036A665 /* ViewController.swift in Sources */ = {isa = PBXBuildFile; fileRef = 37D445092B2D3AD90036A665 /* ViewController.swift */; };
		37D4450D2B2D3AD90036A665 /* Main.storyboard in Resources */ = {isa = PBXBuildFile; fileRef = 37D4450B2B2D3AD90036A665 /* Main.storyboard */; };
		37D4450F2B2D3ADA0036A665 /* Assets.xcassets in Resources */ = {isa = PBXBuildFile; fileRef = 37D4450E2B2D3ADA0036A665 /* Assets.xcassets */; };
		37D445122B2D3ADA0036A665 /* LaunchScreen.storyboard in Resources */ = {isa = PBXBuildFile; fileRef = 37D445102B2D3ADA0036A665 /* LaunchScreen.storyboard */; };
		37D445202B2D3BCC0036A665 /* TodoTableViewCell.swift in Sources */ = {isa = PBXBuildFile; fileRef = 37D4451F2B2D3BCC0036A665 /* TodoTableViewCell.swift */; };
		37D445222B2D3BDE0036A665 /* ViewModel.swift in Sources */ = {isa = PBXBuildFile; fileRef = 37D445212B2D3BDE0036A665 /* ViewModel.swift */; };
		37D445242B2F0F010036A665 /* AddTaskHeaderView.swift in Sources */ = {isa = PBXBuildFile; fileRef = 37D445232B2F0F010036A665 /* AddTaskHeaderView.swift */; };
		37D445262B2F0F120036A665 /* ClearTasksFooterView.swift in Sources */ = {isa = PBXBuildFile; fileRef = 37D445252B2F0F120036A665 /* ClearTasksFooterView.swift */; };
		37D4452A2B30249E0036A665 /* ColorButton.swift in Sources */ = {isa = PBXBuildFile; fileRef = 37D445292B30249E0036A665 /* ColorButton.swift */; };
		37D4452D2B3072F70036A665 /* UILabel+Extension.swift in Sources */ = {isa = PBXBuildFile; fileRef = 37D4452C2B3072F70036A665 /* UILabel+Extension.swift */; };
		37E111FB2B31DADF003740CF /* RxCocoa in Frameworks */ = {isa = PBXBuildFile; productRef = 37E111FA2B31DADF003740CF /* RxCocoa */; };
		37E111FD2B31DADF003740CF /* RxSwift in Frameworks */ = {isa = PBXBuildFile; productRef = 37E111FC2B31DADF003740CF /* RxSwift */; };
		37E112012B31DDB1003740CF /* ViewControllerWithRx.swift in Sources */ = {isa = PBXBuildFile; fileRef = 37E112002B31DDB1003740CF /* ViewControllerWithRx.swift */; };
		37E112032B31DDCD003740CF /* ViewModelWithRx.swift in Sources */ = {isa = PBXBuildFile; fileRef = 37E112022B31DDCD003740CF /* ViewModelWithRx.swift */; };
/* End PBXBuildFile section */

/* Begin PBXCopyFilesBuildPhase section */
		37B532082B31A44C0074EC96 /* Embed Frameworks */ = {
			isa = PBXCopyFilesBuildPhase;
			buildActionMask = 2147483647;
			dstPath = "";
			dstSubfolderSpec = 10;
			files = (
			);
			name = "Embed Frameworks";
			runOnlyForDeploymentPostprocessing = 0;
		};
/* End PBXCopyFilesBuildPhase section */

/* Begin PBXFileReference section */
		37D445022B2D3AD90036A665 /* TodoList.app */ = {isa = PBXFileReference; explicitFileType = wrapper.application; includeInIndex = 0; name = TodoList.app; path = "/Users/joonbaek/Documents/Developement /SCC-Seminar-Assignment/SCC-NBC-Assignment-TodoList/TodoList/build/Debug-iphoneos/TodoList.app"; sourceTree = "<absolute>"; };
		37D445052B2D3AD90036A665 /* AppDelegate.swift */ = {isa = PBXFileReference; lastKnownFileType = sourcecode.swift; path = AppDelegate.swift; sourceTree = "<group>"; };
		37D445072B2D3AD90036A665 /* SceneDelegate.swift */ = {isa = PBXFileReference; lastKnownFileType = sourcecode.swift; path = SceneDelegate.swift; sourceTree = "<group>"; };
		37D445092B2D3AD90036A665 /* ViewController.swift */ = {isa = PBXFileReference; lastKnownFileType = sourcecode.swift; path = ViewController.swift; sourceTree = "<group>"; };
		37D4450C2B2D3AD90036A665 /* Base */ = {isa = PBXFileReference; lastKnownFileType = file.storyboard; name = Base; path = Base.lproj/Main.storyboard; sourceTree = "<group>"; };
		37D4450E2B2D3ADA0036A665 /* Assets.xcassets */ = {isa = PBXFileReference; lastKnownFileType = folder.assetcatalog; path = Assets.xcassets; sourceTree = "<group>"; };
		37D445112B2D3ADA0036A665 /* Base */ = {isa = PBXFileReference; lastKnownFileType = file.storyboard; name = Base; path = Base.lproj/LaunchScreen.storyboard; sourceTree = "<group>"; };
		37D445132B2D3ADA0036A665 /* Info.plist */ = {isa = PBXFileReference; lastKnownFileType = text.plist.xml; path = Info.plist; sourceTree = "<group>"; };
		37D4451F2B2D3BCC0036A665 /* TodoTableViewCell.swift */ = {isa = PBXFileReference; lastKnownFileType = sourcecode.swift; path = TodoTableViewCell.swift; sourceTree = "<group>"; };
		37D445212B2D3BDE0036A665 /* ViewModel.swift */ = {isa = PBXFileReference; lastKnownFileType = sourcecode.swift; path = ViewModel.swift; sourceTree = "<group>"; };
		37D445232B2F0F010036A665 /* AddTaskHeaderView.swift */ = {isa = PBXFileReference; lastKnownFileType = sourcecode.swift; path = AddTaskHeaderView.swift; sourceTree = "<group>"; };
		37D445252B2F0F120036A665 /* ClearTasksFooterView.swift */ = {isa = PBXFileReference; lastKnownFileType = sourcecode.swift; path = ClearTasksFooterView.swift; sourceTree = "<group>"; };
		37D445292B30249E0036A665 /* ColorButton.swift */ = {isa = PBXFileReference; lastKnownFileType = sourcecode.swift; path = ColorButton.swift; sourceTree = "<group>"; };
		37D4452C2B3072F70036A665 /* UILabel+Extension.swift */ = {isa = PBXFileReference; lastKnownFileType = sourcecode.swift; path = "UILabel+Extension.swift"; sourceTree = "<group>"; };
		37E112002B31DDB1003740CF /* ViewControllerWithRx.swift */ = {isa = PBXFileReference; lastKnownFileType = sourcecode.swift; path = ViewControllerWithRx.swift; sourceTree = "<group>"; };
		37E112022B31DDCD003740CF /* ViewModelWithRx.swift */ = {isa = PBXFileReference; lastKnownFileType = sourcecode.swift; path = ViewModelWithRx.swift; sourceTree = "<group>"; };
/* End PBXFileReference section */

/* Begin PBXFrameworksBuildPhase section */
		37D444FF2B2D3AD90036A665 /* Frameworks */ = {
			isa = PBXFrameworksBuildPhase;
			buildActionMask = 2147483647;
			files = (
				37E111FD2B31DADF003740CF /* RxSwift in Frameworks */,
				37E111FB2B31DADF003740CF /* RxCocoa in Frameworks */,
			);
			runOnlyForDeploymentPostprocessing = 0;
		};
/* End PBXFrameworksBuildPhase section */

/* Begin PBXGroup section */
		37D444F92B2D3AD90036A665 = {
			isa = PBXGroup;
			children = (
				37D445042B2D3AD90036A665 /* TodoList */,
			);
			sourceTree = "<group>";
		};
		37D445042B2D3AD90036A665 /* TodoList */ = {
			isa = PBXGroup;
			children = (
				37D445192B2D3B420036A665 /* Global */,
				37D4451A2B2D3B580036A665 /* Presentation */,
			);
			path = TodoList;
			sourceTree = "<group>";
		};
		37D445192B2D3B420036A665 /* Global */ = {
			isa = PBXGroup;
			children = (
				37D4452B2B3072CF0036A665 /* Extensions */,
				37D445272B30245C0036A665 /* Components */,
				37D445282B3024680036A665 /* Supports */,
				37D445132B2D3ADA0036A665 /* Info.plist */,
			);
			path = Global;
			sourceTree = "<group>";
		};
		37D4451A2B2D3B580036A665 /* Presentation */ = {
			isa = PBXGroup;
			children = (
				37E111FE2B31DD45003740CF /* MVC */,
				37E111FF2B31DD62003740CF /* MVVM */,
			);
			path = Presentation;
			sourceTree = "<group>";
		};
		37D4451E2B2D3BBA0036A665 /* Cells */ = {
			isa = PBXGroup;
			children = (
				37D445232B2F0F010036A665 /* AddTaskHeaderView.swift */,
				37D4451F2B2D3BCC0036A665 /* TodoTableViewCell.swift */,
				37D445252B2F0F120036A665 /* ClearTasksFooterView.swift */,
			);
			path = Cells;
			sourceTree = "<group>";
		};
		37D445272B30245C0036A665 /* Components */ = {
			isa = PBXGroup;
			children = (
				37D445292B30249E0036A665 /* ColorButton.swift */,
			);
			path = Components;
			sourceTree = "<group>";
		};
		37D445282B3024680036A665 /* Supports */ = {
			isa = PBXGroup;
			children = (
				37D445052B2D3AD90036A665 /* AppDelegate.swift */,
				37D445072B2D3AD90036A665 /* SceneDelegate.swift */,
				37D4450B2B2D3AD90036A665 /* Main.storyboard */,
				37D4450E2B2D3ADA0036A665 /* Assets.xcassets */,
				37D445102B2D3ADA0036A665 /* LaunchScreen.storyboard */,
			);
			path = Supports;
			sourceTree = "<group>";
		};
		37D4452B2B3072CF0036A665 /* Extensions */ = {
			isa = PBXGroup;
			children = (
				37D4452C2B3072F70036A665 /* UILabel+Extension.swift */,
			);
			path = Extensions;
			sourceTree = "<group>";
		};
		37E111FE2B31DD45003740CF /* MVC */ = {
			isa = PBXGroup;
			children = (
				37D4451E2B2D3BBA0036A665 /* Cells */,
				37D445092B2D3AD90036A665 /* ViewController.swift */,
				37D445212B2D3BDE0036A665 /* ViewModel.swift */,
			);
			path = MVC;
			sourceTree = "<group>";
		};
		37E111FF2B31DD62003740CF /* MVVM */ = {
			isa = PBXGroup;
			children = (
				37E112002B31DDB1003740CF /* ViewControllerWithRx.swift */,
				37E112022B31DDCD003740CF /* ViewModelWithRx.swift */,
			);
			path = MVVM;
			sourceTree = "<group>";
		};
/* End PBXGroup section */

/* Begin PBXNativeTarget section */
		37D445012B2D3AD90036A665 /* TodoList */ = {
			isa = PBXNativeTarget;
			buildConfigurationList = 37D445162B2D3ADA0036A665 /* Build configuration list for PBXNativeTarget "TodoList" */;
			buildPhases = (
				37D444FE2B2D3AD90036A665 /* Sources */,
				37D444FF2B2D3AD90036A665 /* Frameworks */,
				37D445002B2D3AD90036A665 /* Resources */,
				37B532082B31A44C0074EC96 /* Embed Frameworks */,
			);
			buildRules = (
			);
			dependencies = (
			);
			name = TodoList;
			packageProductDependencies = (
				37E111FA2B31DADF003740CF /* RxCocoa */,
				37E111FC2B31DADF003740CF /* RxSwift */,
			);
			productName = TodoList;
			productReference = 37D445022B2D3AD90036A665 /* TodoList.app */;
			productType = "com.apple.product-type.application";
		};
/* End PBXNativeTarget section */

/* Begin PBXProject section */
		37D444FA2B2D3AD90036A665 /* Project object */ = {
			isa = PBXProject;
			attributes = {
				BuildIndependentTargetsInParallel = 1;
				LastSwiftUpdateCheck = 1430;
				LastUpgradeCheck = 1430;
				TargetAttributes = {
					37D445012B2D3AD90036A665 = {
						CreatedOnToolsVersion = 14.3;
					};
				};
			};
			buildConfigurationList = 37D444FD2B2D3AD90036A665 /* Build configuration list for PBXProject "TodoList" */;
			compatibilityVersion = "Xcode 14.0";
			developmentRegion = en;
			hasScannedForEncodings = 0;
			knownRegions = (
				en,
				Base,
			);
			mainGroup = 37D444F92B2D3AD90036A665;
			packageReferences = (
				37E111F92B31DADF003740CF /* XCRemoteSwiftPackageReference "RxSwift" */,
			);
			productRefGroup = 37D444F92B2D3AD90036A665;
			projectDirPath = "";
			projectRoot = "";
			targets = (
				37D445012B2D3AD90036A665 /* TodoList */,
			);
		};
/* End PBXProject section */

/* Begin PBXResourcesBuildPhase section */
		37D445002B2D3AD90036A665 /* Resources */ = {
			isa = PBXResourcesBuildPhase;
			buildActionMask = 2147483647;
			files = (
				37D445122B2D3ADA0036A665 /* LaunchScreen.storyboard in Resources */,
				37D4450F2B2D3ADA0036A665 /* Assets.xcassets in Resources */,
				37D4450D2B2D3AD90036A665 /* Main.storyboard in Resources */,
			);
			runOnlyForDeploymentPostprocessing = 0;
		};
/* End PBXResourcesBuildPhase section */

/* Begin PBXSourcesBuildPhase section */
		37D444FE2B2D3AD90036A665 /* Sources */ = {
			isa = PBXSourcesBuildPhase;
			buildActionMask = 2147483647;
			files = (
				37D445222B2D3BDE0036A665 /* ViewModel.swift in Sources */,
				37D445242B2F0F010036A665 /* AddTaskHeaderView.swift in Sources */,
				37E112032B31DDCD003740CF /* ViewModelWithRx.swift in Sources */,
				37D445262B2F0F120036A665 /* ClearTasksFooterView.swift in Sources */,
				37D4450A2B2D3AD90036A665 /* ViewController.swift in Sources */,
				37E112012B31DDB1003740CF /* ViewControllerWithRx.swift in Sources */,
				37D445062B2D3AD90036A665 /* AppDelegate.swift in Sources */,
				37D4452A2B30249E0036A665 /* ColorButton.swift in Sources */,
				37D445082B2D3AD90036A665 /* SceneDelegate.swift in Sources */,
				37D445202B2D3BCC0036A665 /* TodoTableViewCell.swift in Sources */,
				37D4452D2B3072F70036A665 /* UILabel+Extension.swift in Sources */,
			);
			runOnlyForDeploymentPostprocessing = 0;
		};
/* End PBXSourcesBuildPhase section */

/* Begin PBXVariantGroup section */
		37D4450B2B2D3AD90036A665 /* Main.storyboard */ = {
			isa = PBXVariantGroup;
			children = (
				37D4450C2B2D3AD90036A665 /* Base */,
			);
			name = Main.storyboard;
			sourceTree = "<group>";
		};
		37D445102B2D3ADA0036A665 /* LaunchScreen.storyboard */ = {
			isa = PBXVariantGroup;
			children = (
				37D445112B2D3ADA0036A665 /* Base */,
			);
			name = LaunchScreen.storyboard;
			sourceTree = "<group>";
		};
/* End PBXVariantGroup section */

/* Begin XCBuildConfiguration section */
		37D445142B2D3ADA0036A665 /* Debug */ = {
			isa = XCBuildConfiguration;
			buildSettings = {
				ALWAYS_SEARCH_USER_PATHS = NO;
				CLANG_ANALYZER_NONNULL = YES;
				CLANG_ANALYZER_NUMBER_OBJECT_CONVERSION = YES_AGGRESSIVE;
				CLANG_CXX_LANGUAGE_STANDARD = "gnu++20";
				CLANG_ENABLE_MODULES = YES;
				CLANG_ENABLE_OBJC_ARC = YES;
				CLANG_ENABLE_OBJC_WEAK = YES;
				CLANG_WARN_BLOCK_CAPTURE_AUTORELEASING = YES;
				CLANG_WARN_BOOL_CONVERSION = YES;
				CLANG_WARN_COMMA = YES;
				CLANG_WARN_CONSTANT_CONVERSION = YES;
				CLANG_WARN_DEPRECATED_OBJC_IMPLEMENTATIONS = YES;
				CLANG_WARN_DIRECT_OBJC_ISA_USAGE = YES_ERROR;
				CLANG_WARN_DOCUMENTATION_COMMENTS = YES;
				CLANG_WARN_EMPTY_BODY = YES;
				CLANG_WARN_ENUM_CONVERSION = YES;
				CLANG_WARN_INFINITE_RECURSION = YES;
				CLANG_WARN_INT_CONVERSION = YES;
				CLANG_WARN_NON_LITERAL_NULL_CONVERSION = YES;
				CLANG_WARN_OBJC_IMPLICIT_RETAIN_SELF = YES;
				CLANG_WARN_OBJC_LITERAL_CONVERSION = YES;
				CLANG_WARN_OBJC_ROOT_CLASS = YES_ERROR;
				CLANG_WARN_QUOTED_INCLUDE_IN_FRAMEWORK_HEADER = YES;
				CLANG_WARN_RANGE_LOOP_ANALYSIS = YES;
				CLANG_WARN_STRICT_PROTOTYPES = YES;
				CLANG_WARN_SUSPICIOUS_MOVE = YES;
				CLANG_WARN_UNGUARDED_AVAILABILITY = YES_AGGRESSIVE;
				CLANG_WARN_UNREACHABLE_CODE = YES;
				CLANG_WARN__DUPLICATE_METHOD_MATCH = YES;
				COPY_PHASE_STRIP = NO;
				DEBUG_INFORMATION_FORMAT = dwarf;
				ENABLE_STRICT_OBJC_MSGSEND = YES;
				ENABLE_TESTABILITY = YES;
				GCC_C_LANGUAGE_STANDARD = gnu11;
				GCC_DYNAMIC_NO_PIC = NO;
				GCC_NO_COMMON_BLOCKS = YES;
				GCC_OPTIMIZATION_LEVEL = 0;
				GCC_PREPROCESSOR_DEFINITIONS = (
					"DEBUG=1",
					"$(inherited)",
				);
				GCC_WARN_64_TO_32_BIT_CONVERSION = YES;
				GCC_WARN_ABOUT_RETURN_TYPE = YES_ERROR;
				GCC_WARN_UNDECLARED_SELECTOR = YES;
				GCC_WARN_UNINITIALIZED_AUTOS = YES_AGGRESSIVE;
				GCC_WARN_UNUSED_FUNCTION = YES;
				GCC_WARN_UNUSED_VARIABLE = YES;
				IPHONEOS_DEPLOYMENT_TARGET = 16.4;
				MTL_ENABLE_DEBUG_INFO = INCLUDE_SOURCE;
				MTL_FAST_MATH = YES;
				ONLY_ACTIVE_ARCH = YES;
				SDKROOT = iphoneos;
				SWIFT_ACTIVE_COMPILATION_CONDITIONS = DEBUG;
				SWIFT_OPTIMIZATION_LEVEL = "-Onone";
			};
			name = Debug;
		};
		37D445152B2D3ADA0036A665 /* Release */ = {
			isa = XCBuildConfiguration;
			buildSettings = {
				ALWAYS_SEARCH_USER_PATHS = NO;
				CLANG_ANALYZER_NONNULL = YES;
				CLANG_ANALYZER_NUMBER_OBJECT_CONVERSION = YES_AGGRESSIVE;
				CLANG_CXX_LANGUAGE_STANDARD = "gnu++20";
				CLANG_ENABLE_MODULES = YES;
				CLANG_ENABLE_OBJC_ARC = YES;
				CLANG_ENABLE_OBJC_WEAK = YES;
				CLANG_WARN_BLOCK_CAPTURE_AUTORELEASING = YES;
				CLANG_WARN_BOOL_CONVERSION = YES;
				CLANG_WARN_COMMA = YES;
				CLANG_WARN_CONSTANT_CONVERSION = YES;
				CLANG_WARN_DEPRECATED_OBJC_IMPLEMENTATIONS = YES;
				CLANG_WARN_DIRECT_OBJC_ISA_USAGE = YES_ERROR;
				CLANG_WARN_DOCUMENTATION_COMMENTS = YES;
				CLANG_WARN_EMPTY_BODY = YES;
				CLANG_WARN_ENUM_CONVERSION = YES;
				CLANG_WARN_INFINITE_RECURSION = YES;
				CLANG_WARN_INT_CONVERSION = YES;
				CLANG_WARN_NON_LITERAL_NULL_CONVERSION = YES;
				CLANG_WARN_OBJC_IMPLICIT_RETAIN_SELF = YES;
				CLANG_WARN_OBJC_LITERAL_CONVERSION = YES;
				CLANG_WARN_OBJC_ROOT_CLASS = YES_ERROR;
				CLANG_WARN_QUOTED_INCLUDE_IN_FRAMEWORK_HEADER = YES;
				CLANG_WARN_RANGE_LOOP_ANALYSIS = YES;
				CLANG_WARN_STRICT_PROTOTYPES = YES;
				CLANG_WARN_SUSPICIOUS_MOVE = YES;
				CLANG_WARN_UNGUARDED_AVAILABILITY = YES_AGGRESSIVE;
				CLANG_WARN_UNREACHABLE_CODE = YES;
				CLANG_WARN__DUPLICATE_METHOD_MATCH = YES;
				COPY_PHASE_STRIP = NO;
				DEBUG_INFORMATION_FORMAT = "dwarf-with-dsym";
				ENABLE_NS_ASSERTIONS = NO;
				ENABLE_STRICT_OBJC_MSGSEND = YES;
				GCC_C_LANGUAGE_STANDARD = gnu11;
				GCC_NO_COMMON_BLOCKS = YES;
				GCC_WARN_64_TO_32_BIT_CONVERSION = YES;
				GCC_WARN_ABOUT_RETURN_TYPE = YES_ERROR;
				GCC_WARN_UNDECLARED_SELECTOR = YES;
				GCC_WARN_UNINITIALIZED_AUTOS = YES_AGGRESSIVE;
				GCC_WARN_UNUSED_FUNCTION = YES;
				GCC_WARN_UNUSED_VARIABLE = YES;
				IPHONEOS_DEPLOYMENT_TARGET = 16.4;
				MTL_ENABLE_DEBUG_INFO = NO;
				MTL_FAST_MATH = YES;
				SDKROOT = iphoneos;
				SWIFT_COMPILATION_MODE = wholemodule;
				SWIFT_OPTIMIZATION_LEVEL = "-O";
				VALIDATE_PRODUCT = YES;
			};
			name = Release;
		};
		37D445172B2D3ADA0036A665 /* Debug */ = {
			isa = XCBuildConfiguration;
			buildSettings = {
				ASSETCATALOG_COMPILER_APPICON_NAME = AppIcon;
				ASSETCATALOG_COMPILER_GLOBAL_ACCENT_COLOR_NAME = AccentColor;
				CODE_SIGN_STYLE = Automatic;
				CURRENT_PROJECT_VERSION = 1;
				DEVELOPMENT_TEAM = MLDS498G8D;
				GENERATE_INFOPLIST_FILE = YES;
				INFOPLIST_FILE = TodoList/Global/Info.plist;
				INFOPLIST_KEY_UIApplicationSupportsIndirectInputEvents = YES;
				INFOPLIST_KEY_UILaunchStoryboardName = LaunchScreen;
				INFOPLIST_KEY_UIMainStoryboardFile = Main;
				INFOPLIST_KEY_UISupportedInterfaceOrientations_iPad = "UIInterfaceOrientationPortrait UIInterfaceOrientationPortraitUpsideDown UIInterfaceOrientationLandscapeLeft UIInterfaceOrientationLandscapeRight";
				INFOPLIST_KEY_UISupportedInterfaceOrientations_iPhone = "UIInterfaceOrientationPortrait UIInterfaceOrientationLandscapeLeft UIInterfaceOrientationLandscapeRight";
				LD_RUNPATH_SEARCH_PATHS = (
					"$(inherited)",
					"@executable_path/Frameworks",
				);
				MARKETING_VERSION = 1.0;
				PRODUCT_BUNDLE_IDENTIFIER = com.JunniJunni.TodoList;
				PRODUCT_NAME = "$(TARGET_NAME)";
				SWIFT_EMIT_LOC_STRINGS = YES;
				SWIFT_VERSION = 5.0;
				TARGETED_DEVICE_FAMILY = "1,2";
			};
			name = Debug;
		};
		37D445182B2D3ADA0036A665 /* Release */ = {
			isa = XCBuildConfiguration;
			buildSettings = {
				ASSETCATALOG_COMPILER_APPICON_NAME = AppIcon;
				ASSETCATALOG_COMPILER_GLOBAL_ACCENT_COLOR_NAME = AccentColor;
				CODE_SIGN_STYLE = Automatic;
				CURRENT_PROJECT_VERSION = 1;
				DEVELOPMENT_TEAM = MLDS498G8D;
				GENERATE_INFOPLIST_FILE = YES;
				INFOPLIST_FILE = TodoList/Global/Info.plist;
				INFOPLIST_KEY_UIApplicationSupportsIndirectInputEvents = YES;
				INFOPLIST_KEY_UILaunchStoryboardName = LaunchScreen;
				INFOPLIST_KEY_UIMainStoryboardFile = Main;
				INFOPLIST_KEY_UISupportedInterfaceOrientations_iPad = "UIInterfaceOrientationPortrait UIInterfaceOrientationPortraitUpsideDown UIInterfaceOrientationLandscapeLeft UIInterfaceOrientationLandscapeRight";
				INFOPLIST_KEY_UISupportedInterfaceOrientations_iPhone = "UIInterfaceOrientationPortrait UIInterfaceOrientationLandscapeLeft UIInterfaceOrientationLandscapeRight";
				LD_RUNPATH_SEARCH_PATHS = (
					"$(inherited)",
					"@executable_path/Frameworks",
				);
				MARKETING_VERSION = 1.0;
				PRODUCT_BUNDLE_IDENTIFIER = com.JunniJunni.TodoList;
				PRODUCT_NAME = "$(TARGET_NAME)";
				SWIFT_EMIT_LOC_STRINGS = YES;
				SWIFT_VERSION = 5.0;
				TARGETED_DEVICE_FAMILY = "1,2";
			};
			name = Release;
		};
/* End XCBuildConfiguration section */

/* Begin XCConfigurationList section */
		37D444FD2B2D3AD90036A665 /* Build configuration list for PBXProject "TodoList" */ = {
			isa = XCConfigurationList;
			buildConfigurations = (
				37D445142B2D3ADA0036A665 /* Debug */,
				37D445152B2D3ADA0036A665 /* Release */,
			);
			defaultConfigurationIsVisible = 0;
			defaultConfigurationName = Release;
		};
		37D445162B2D3ADA0036A665 /* Build configuration list for PBXNativeTarget "TodoList" */ = {
			isa = XCConfigurationList;
			buildConfigurations = (
				37D445172B2D3ADA0036A665 /* Debug */,
				37D445182B2D3ADA0036A665 /* Release */,
			);
			defaultConfigurationIsVisible = 0;
			defaultConfigurationName = Release;
		};
/* End XCConfigurationList section */

/* Begin XCRemoteSwiftPackageReference section */
		37E111F92B31DADF003740CF /* XCRemoteSwiftPackageReference "RxSwift" */ = {
			isa = XCRemoteSwiftPackageReference;
			repositoryURL = "https://github.com/ReactiveX/RxSwift.git";
			requirement = {
				kind = upToNextMajorVersion;
				minimumVersion = 6.0.0;
			};
		};
/* End XCRemoteSwiftPackageReference section */

/* Begin XCSwiftPackageProductDependency section */
		37E111FA2B31DADF003740CF /* RxCocoa */ = {
			isa = XCSwiftPackageProductDependency;
			package = 37E111F92B31DADF003740CF /* XCRemoteSwiftPackageReference "RxSwift" */;
			productName = RxCocoa;
		};
		37E111FC2B31DADF003740CF /* RxSwift */ = {
			isa = XCSwiftPackageProductDependency;
			package = 37E111F92B31DADF003740CF /* XCRemoteSwiftPackageReference "RxSwift" */;
			productName = RxSwift;
		};
/* End XCSwiftPackageProductDependency section */
	};
	rootObject = 37D444FA2B2D3AD90036A665 /* Project object */;
}
